# Generated by pub
# See http://pub.dartlang.org/doc/glossary.html#lockfile
packages:
  analyzer_experimental:
    description: analyzer_experimental
    source: hosted
    version: "0.6.21+3"
  args:
    description: args
    source: hosted
    version: "0.6.21+3"
  barback:
    description: barback
    source: hosted
    version: "0.6.21+3"
  browser:
    description: browser
    source: hosted
    version: "0.6.21+3"
  csslib:
    description: csslib
    source: hosted
    version: "0.4.7+11"
  custom_element:
    description: custom_element
    source: hosted
    version: "0.6.21+3"
  html5lib:
    description: html5lib
    source: hosted
    version: "0.4.4"
  js:
    description: js
    source: hosted
    version: "0.0.24"
  logging:
    description: logging
    source: hosted
    version: "0.6.21+3"
  mdv:
    description: mdv
    source: hosted
    version: "0.6.21+3"
  meta:
    description: meta
    source: hosted
    version: "0.6.21+3"
  mutation_observer:
    description: mutation_observer
    source: hosted
    version: "0.6.21+3"
  observe:
    description: observe
    source: hosted
    version: "0.6.21+3"
  path:
    description: path
    source: hosted
    version: "0.6.21+3"
  pathos:
    description: pathos
    source: hosted
    version: "0.6.3+1"
  serialization:
    description: serialization
    source: hosted
    version: "0.6.21+3"
  source_maps:
    description: source_maps
    source: hosted
    version: "0.6.21+3"
  stack_trace:
    description: stack_trace
    source: hosted
    version: "0.6.21+3"
  unittest:
    description: unittest
    source: hosted
    version: "0.6.21+3"
  unmodifiable_collection:
    description: unmodifiable_collection
    source: hosted
    version: "0.6.21+3"
  web_ui:
    description: web_ui
    source: hosted
    version: "0.4.18+2"
