# Generated by pub
# See http://pub.dartlang.org/doc/glossary.html#lockfile
packages:
  analyzer:
    description: analyzer
    source: hosted
    version: "0.15.7"
  archive:
    description: archive
    source: hosted
    version: "1.0.17"
  args:
    description: args
    source: hosted
    version: "0.11.0+1"
  barback:
    description: barback
    source: hosted
    version: "0.13.0"
  browser:
    description: browser
    source: hosted
    version: "0.10.0+2"
  code_transformers:
    description: code_transformers
    source: hosted
    version: "0.1.5"
  collection:
    description: collection
    source: hosted
    version: "0.9.4"
  core_elements:
    description: core_elements
    source: hosted
    version: "0.0.6"
  crypto:
    description: crypto
    source: hosted
    version: "0.9.0"
  csslib:
    description: csslib
    source: hosted
    version: "0.10.0+1"
  fixnum:
    description: fixnum
    source: hosted
    version: "0.9.0"
  html5lib:
    description: html5lib
    source: hosted
    version: "0.11.0+1"
  js:
    description: js
    source: hosted
    version: "0.2.2"
  logging:
    description: logging
    source: hosted
    version: "0.9.1+1"
  observe:
    description: observe
    source: hosted
    version: "0.11.0-dev"
  paper_elements:
    description: paper_elements
    source: hosted
    version: "0.0.1"
  path:
    description: path
    source: hosted
    version: "1.2.1"
  polymer:
    description: polymer
    source: hosted
    version: "0.12.0-dev"
  polymer_expressions:
    description: polymer_expressions
    source: hosted
    version: "0.12.0-dev"
  quiver:
    description: quiver
    source: hosted
    version: "0.18.2"
  sass:
    description: sass
    source: hosted
    version: "0.3.1"
  smoke:
    description: smoke
    source: hosted
    version: "0.1.0+1"
  source_maps:
    description: source_maps
    source: hosted
    version: "0.9.3"
  stack_trace:
    description: stack_trace
    source: hosted
    version: "0.9.3+2"
  string_scanner:
    description: string_scanner
    source: hosted
    version: "0.0.3"
  template_binding:
    description: template_binding
    source: hosted
    version: "0.12.0-dev"
  utf:
    description: utf
    source: hosted
    version: "0.9.0"
  web_components:
    description: web_components
    source: hosted
    version: "0.4.0"
  yaml:
    description: yaml
    source: hosted
    version: "1.1.1"
